<?xml version="1.0" encoding="utf-8"?>
<Project ToolsVersion="4.0" xmlns="http://schemas.microsoft.com/developer/msbuild/2003">
  <ItemGroup>
    <Filter Include="소스 파일">
      <UniqueIdentifier>{4FC737F1-C7A5-4376-A066-2A32D752A2FF}</UniqueIdentifier>
      <Extensions>cpp;c;cc;cxx;def;odl;idl;hpj;bat;asm;asmx</Extensions>
    </Filter>
    <Filter Include="헤더 파일">
      <UniqueIdentifier>{93995380-89BD-4b04-88EB-625FBE52EBFB}</UniqueIdentifier>
      <Extensions>h;hh;hpp;hxx;hm;inl;inc;ipp;xsd</Extensions>
    </Filter>
    <Filter Include="리소스 파일">
      <UniqueIdentifier>{67DA6AB6-F800-4c08-8B7A-83BB121AAD01}</UniqueIdentifier>
      <Extensions>rc;ico;cur;bmp;dlg;rc2;rct;bin;rgs;gif;jpg;jpeg;jpe;resx;tiff;tif;png;wav;mfcribbon-ms</Extensions>
    </Filter>
    <Filter Include="소스 파일\15_그리디알고리즘">
      <UniqueIdentifier>{a445b498-45d5-4bcc-bd0e-ab53039536e5}</UniqueIdentifier>
    </Filter>
    <Filter Include="소스 파일\13_벡트래킹">
      <UniqueIdentifier>{6cd59e55-f523-4a25-a7a4-988327276d9d}</UniqueIdentifier>
    </Filter>
    <Filter Include="소스 파일\12_정렬">
      <UniqueIdentifier>{a09883af-92be-4779-b0bc-02bcc8ab102b}</UniqueIdentifier>
    </Filter>
    <Filter Include="소스 파일\11_브루트포스">
      <UniqueIdentifier>{55707897-57ea-4149-8260-d615824129c5}</UniqueIdentifier>
    </Filter>
    <Filter Include="소스 파일\14_동적계획법1">
      <UniqueIdentifier>{effae95f-caaf-4838-956b-3379eeab45d6}</UniqueIdentifier>
    </Filter>
    <Filter Include="소스 파일\16_수학3">
      <UniqueIdentifier>{2ab1511e-68ff-4409-b973-01ec54bf4f11}</UniqueIdentifier>
    </Filter>
    <Filter Include="소스 파일\17_스택">
      <UniqueIdentifier>{302aa7fe-c24f-4f4d-aa87-d40af57c5455}</UniqueIdentifier>
    </Filter>
    <Filter Include="소스 파일\18_큐,덱">
      <UniqueIdentifier>{6f8a582e-8cfe-4e92-8917-3633f9e3edbf}</UniqueIdentifier>
    </Filter>
    <Filter Include="소스 파일\19_분할정복">
      <UniqueIdentifier>{994051fa-0c33-44d1-b211-3b7d10575f29}</UniqueIdentifier>
    </Filter>
    <Filter Include="소스 파일\20_이분탐색">
      <UniqueIdentifier>{62caffe3-bd2c-46b3-8a25-11fd60011537}</UniqueIdentifier>
    </Filter>
    <Filter Include="소스 파일\21_우선순위 큐">
      <UniqueIdentifier>{b92a20a9-df4b-402e-86dd-ef4e911191b1}</UniqueIdentifier>
    </Filter>
    <Filter Include="소스 파일\22_동적계획법2">
      <UniqueIdentifier>{1ec50119-7256-46a5-949d-fc5f6f8458d6}</UniqueIdentifier>
    </Filter>
    <Filter Include="소스 파일\23_DFS와BFS">
      <UniqueIdentifier>{a16b2916-62d5-4abd-928a-48e215dff07a}</UniqueIdentifier>
    </Filter>
    <Filter Include="소스 파일\24_최단경로">
      <UniqueIdentifier>{64379f78-ce18-40b7-8d5d-1c1be8fb5c80}</UniqueIdentifier>
    </Filter>
    <Filter Include="소스 파일\25_동적계획법3">
      <UniqueIdentifier>{39f80b45-2e46-4a84-9f8a-87ba22cf6c50}</UniqueIdentifier>
    </Filter>
    <Filter Include="소스 파일\26_동적 계획법과 최단거리 역추적">
      <UniqueIdentifier>{64ee2744-7f15-451f-b3a9-d065687b83cb}</UniqueIdentifier>
    </Filter>
    <Filter Include="소스 파일\27_투포인터">
      <UniqueIdentifier>{0c649142-3106-4e91-9cff-b6721eca4a7b}</UniqueIdentifier>
    </Filter>
    <Filter Include="소스 파일\28_트리">
      <UniqueIdentifier>{2832fa2d-3055-4970-9972-0ddffa737293}</UniqueIdentifier>
    </Filter>
    <Filter Include="소스 파일\29_유니온파인드">
      <UniqueIdentifier>{3e1269a9-87f4-4db6-8947-ad54d4fffcac}</UniqueIdentifier>
    </Filter>
  </ItemGroup>
  <ItemGroup>
    <ClCompile Include="1015_수열정렬.cpp">
      <Filter>소스 파일</Filter>
    </ClCompile>
    <ClCompile Include="1016_제곱ㄴㄴ수.cpp">
      <Filter>소스 파일</Filter>
    </ClCompile>
    <ClCompile Include="1022_소용돌이 예쁘게 출력하기.cpp">
      <Filter>소스 파일</Filter>
    </ClCompile>
    <ClCompile Include="1024_수열의합.cpp">
      <Filter>소스 파일</Filter>
    </ClCompile>
    <ClCompile Include="1038_감소하는 수.cpp">
      <Filter>소스 파일</Filter>
    </ClCompile>
    <ClCompile Include="1057_토너먼트.cpp">
      <Filter>소스 파일</Filter>
    </ClCompile>
    <ClCompile Include="1074_Z.cpp">
      <Filter>소스 파일</Filter>
    </ClCompile>
    <ClCompile Include="1094_막대기.cpp">
      <Filter>소스 파일</Filter>
    </ClCompile>
    <ClCompile Include="1289_트리의가중치.cpp">
      <Filter>소스 파일</Filter>
    </ClCompile>
    <ClCompile Include="1325_효율적인해킹.cpp">
      <Filter>소스 파일</Filter>
    </ClCompile>
    <ClCompile Include="1516_게임개발.cpp">
      <Filter>소스 파일</Filter>
    </ClCompile>
    <ClCompile Include="1547_공.cpp">
      <Filter>소스 파일</Filter>
    </ClCompile>
    <ClCompile Include="1766_문제집.cpp">
      <Filter>소스 파일</Filter>
    </ClCompile>
    <ClCompile Include="1850_최대공약수.cpp">
      <Filter>소스 파일</Filter>
    </ClCompile>
    <ClCompile Include="1865_웜홀.cpp">
      <Filter>소스 파일</Filter>
    </ClCompile>
    <ClCompile Include="1890_점프.cpp">
      <Filter>소스 파일</Filter>
    </ClCompile>
    <ClCompile Include="1943_최소공배수.cpp">
      <Filter>소스 파일</Filter>
    </ClCompile>
    <ClCompile Include="1963_트리 색칠하기.cpp">
      <Filter>소스 파일</Filter>
    </ClCompile>
    <ClCompile Include="1977_완전제곱수.cpp">
      <Filter>소스 파일</Filter>
    </ClCompile>
    <ClCompile Include="2250_트리의높이와너비.cpp">
      <Filter>소스 파일</Filter>
    </ClCompile>
    <ClCompile Include="2252_줄세이기.cpp">
      <Filter>소스 파일</Filter>
    </ClCompile>
    <ClCompile Include="2309일곱난쟁이.cpp">
      <Filter>소스 파일</Filter>
    </ClCompile>
    <ClCompile Include="2448_별찍기11.cpp">
      <Filter>소스 파일</Filter>
    </ClCompile>
    <ClCompile Include="2455_지능형기차.cpp">
      <Filter>소스 파일</Filter>
    </ClCompile>
    <ClCompile Include="2490_윷놀이.cpp">
      <Filter>소스 파일</Filter>
    </ClCompile>
    <ClCompile Include="2965_캥거루세마리.cpp">
      <Filter>소스 파일</Filter>
    </ClCompile>
    <ClCompile Include="3053_택시 기하학.cpp">
      <Filter>소스 파일</Filter>
    </ClCompile>
    <ClCompile Include="3163_떨어지는개미.cpp">
      <Filter>소스 파일</Filter>
    </ClCompile>
    <ClCompile Include="3665_최종순위.cpp">
      <Filter>소스 파일</Filter>
    </ClCompile>
    <ClCompile Include="7469_k번째숫자.cpp">
      <Filter>소스 파일</Filter>
    </ClCompile>
    <ClCompile Include="10216_countcirclegroups.cpp">
      <Filter>소스 파일</Filter>
    </ClCompile>
    <ClCompile Include="10219_MeatsOnTheGrill.cpp">
      <Filter>소스 파일</Filter>
    </ClCompile>
    <ClCompile Include="10220_Self Representing Seq.cpp">
      <Filter>소스 파일</Filter>
    </ClCompile>
    <ClCompile Include="10253_헨리.cpp">
      <Filter>소스 파일</Filter>
    </ClCompile>
    <ClCompile Include="10451_순열사이클.cpp">
      <Filter>소스 파일</Filter>
    </ClCompile>
    <ClCompile Include="11004_k번째수.cpp">
      <Filter>소스 파일</Filter>
    </ClCompile>
    <ClCompile Include="11689_GCD1.cpp">
      <Filter>소스 파일</Filter>
    </ClCompile>
    <ClCompile Include="11778_피보나치 수와 최대공약수.cpp">
      <Filter>소스 파일</Filter>
    </ClCompile>
    <ClCompile Include="12796_나의 행렬곱셈 답사기.cpp">
      <Filter>소스 파일</Filter>
    </ClCompile>
    <ClCompile Include="13241_최소공배수2.cpp">
      <Filter>소스 파일</Filter>
    </ClCompile>
    <ClCompile Include="1018_체스판다시칠하기.cpp">
      <Filter>소스 파일\11_브루트포스</Filter>
    </ClCompile>
    <ClCompile Include="1107_리모컨.cpp">
      <Filter>소스 파일\11_브루트포스</Filter>
    </ClCompile>
    <ClCompile Include="2231_분해합.cpp">
      <Filter>소스 파일\11_브루트포스</Filter>
    </ClCompile>
    <ClCompile Include="2798_블랙잭.cpp">
      <Filter>소스 파일\11_브루트포스</Filter>
    </ClCompile>
    <ClCompile Include="7568_덩치.cpp">
      <Filter>소스 파일\11_브루트포스</Filter>
    </ClCompile>
    <ClCompile Include="1436_영화감독숌.cpp">
      <Filter>소스 파일\11_브루트포스</Filter>
    </ClCompile>
    <ClCompile Include="10989_수정렬3.cpp">
      <Filter>소스 파일\12_정렬</Filter>
    </ClCompile>
    <ClCompile Include="2750_수정렬.cpp">
      <Filter>소스 파일\12_정렬</Filter>
    </ClCompile>
    <ClCompile Include="2751_수정렬2.cpp">
      <Filter>소스 파일\12_정렬</Filter>
    </ClCompile>
    <ClCompile Include="2108_통계학.cpp">
      <Filter>소스 파일\12_정렬</Filter>
    </ClCompile>
    <ClCompile Include="1427_소트인사이드.cpp">
      <Filter>소스 파일\12_정렬</Filter>
    </ClCompile>
    <ClCompile Include="1181_단어정렬.cpp">
      <Filter>소스 파일\12_정렬</Filter>
    </ClCompile>
    <ClCompile Include="11650_좌표정렬하기.cpp">
      <Filter>소스 파일\12_정렬</Filter>
    </ClCompile>
    <ClCompile Include="11651_좌표정렬하기2.cpp">
      <Filter>소스 파일\12_정렬</Filter>
    </ClCompile>
    <ClCompile Include="10814_나이순정렬.cpp">
      <Filter>소스 파일\12_정렬</Filter>
    </ClCompile>
    <ClCompile Include="15649_N과M_1.cpp">
      <Filter>소스 파일\13_벡트래킹</Filter>
    </ClCompile>
    <ClCompile Include="15650_N과M_2.cpp">
      <Filter>소스 파일\13_벡트래킹</Filter>
    </ClCompile>
    <ClCompile Include="15651_N과M_3.cpp">
      <Filter>소스 파일\13_벡트래킹</Filter>
    </ClCompile>
    <ClCompile Include="15652_N과M_4.cpp">
      <Filter>소스 파일\13_벡트래킹</Filter>
    </ClCompile>
    <ClCompile Include="9663_NQueen.cpp">
      <Filter>소스 파일\13_벡트래킹</Filter>
    </ClCompile>
    <ClCompile Include="2580_스도쿠.cpp">
      <Filter>소스 파일\13_벡트래킹</Filter>
    </ClCompile>
    <ClCompile Include="14888_연산자끼워넣기.cpp">
      <Filter>소스 파일\13_벡트래킹</Filter>
    </ClCompile>
    <ClCompile Include="14889_스타와링크.cpp">
      <Filter>소스 파일\13_벡트래킹</Filter>
    </ClCompile>
    <ClCompile Include="12865_평범한배낭.cpp">
      <Filter>소스 파일\14_동적계획법1</Filter>
    </ClCompile>
    <ClCompile Include="2748_피보나치수2.cpp">
      <Filter>소스 파일\14_동적계획법1</Filter>
    </ClCompile>
    <ClCompile Include="..\algorithms\1003_피보나치 함수.cpp">
      <Filter>소스 파일\14_동적계획법1</Filter>
    </ClCompile>
    <ClCompile Include="1904_01타일.cpp">
      <Filter>소스 파일\14_동적계획법1</Filter>
    </ClCompile>
    <ClCompile Include="9461_파도반 수열.cpp">
      <Filter>소스 파일\14_동적계획법1</Filter>
    </ClCompile>
    <ClCompile Include="..\algorithms\1149_RGB거리.cpp">
      <Filter>소스 파일\14_동적계획법1</Filter>
    </ClCompile>
    <ClCompile Include="..\algorithms\1932_숫자 삼각형.cpp">
      <Filter>소스 파일\14_동적계획법1</Filter>
    </ClCompile>
    <ClCompile Include="..\algorithms\2579_계단오르기.cpp">
      <Filter>소스 파일\14_동적계획법1</Filter>
    </ClCompile>
    <ClCompile Include="..\algorithms\1463_1로만들기.cpp">
      <Filter>소스 파일\14_동적계획법1</Filter>
    </ClCompile>
    <ClCompile Include="..\algorithms\10844_쉬운계단수.cpp">
      <Filter>소스 파일\14_동적계획법1</Filter>
    </ClCompile>
    <ClCompile Include="2156_포도주시식.cpp">
      <Filter>소스 파일\14_동적계획법1</Filter>
    </ClCompile>
    <ClCompile Include="11054_가장긴바이토닉부분수열.cpp">
      <Filter>소스 파일\14_동적계획법1</Filter>
    </ClCompile>
    <ClCompile Include="2565_전깃줄.cpp">
      <Filter>소스 파일\14_동적계획법1</Filter>
    </ClCompile>
    <ClCompile Include="9251_LCS.cpp">
      <Filter>소스 파일\14_동적계획법1</Filter>
    </ClCompile>
    <ClCompile Include="1912_연속합.cpp">
      <Filter>소스 파일\14_동적계획법1</Filter>
    </ClCompile>
    <ClCompile Include="11053_가장긴증가하는부분수열.cpp">
      <Filter>소스 파일\14_동적계획법1</Filter>
    </ClCompile>
    <ClCompile Include="11047_동전.cpp">
      <Filter>소스 파일\15_그리디알고리즘</Filter>
    </ClCompile>
    <ClCompile Include="1931_회의실배정.cpp">
      <Filter>소스 파일\15_그리디알고리즘</Filter>
    </ClCompile>
    <ClCompile Include="11399_ATM.cpp">
      <Filter>소스 파일\15_그리디알고리즘</Filter>
    </ClCompile>
    <ClCompile Include="1541_잃어버린괄호.cpp">
      <Filter>소스 파일\15_그리디알고리즘</Filter>
    </ClCompile>
    <ClCompile Include="5086_배수와약수.cpp">
      <Filter>소스 파일\16_수학3</Filter>
    </ClCompile>
    <ClCompile Include="1037_약수.cpp">
      <Filter>소스 파일\16_수학3</Filter>
    </ClCompile>
    <ClCompile Include="116533_소인수분해.cpp">
      <Filter>소스 파일\16_수학3</Filter>
    </ClCompile>
    <ClCompile Include="2609_최대공약수최소공배수.cpp">
      <Filter>소스 파일\16_수학3</Filter>
    </ClCompile>
    <ClCompile Include="2981_검문.cpp">
      <Filter>소스 파일\16_수학3</Filter>
    </ClCompile>
    <ClCompile Include="3036_링.cpp">
      <Filter>소스 파일\16_수학3</Filter>
    </ClCompile>
    <ClCompile Include="..\algorithms\11050_이항계수.cpp">
      <Filter>소스 파일\16_수학3</Filter>
    </ClCompile>
    <ClCompile Include="11051_이항계수2.cpp">
      <Filter>소스 파일\16_수학3</Filter>
    </ClCompile>
    <ClCompile Include="..\algorithms\9375_패션왕신해빈.cpp">
      <Filter>소스 파일\16_수학3</Filter>
    </ClCompile>
    <ClCompile Include="..\algorithms\1676_팩토리얼 0의 개수.cpp">
      <Filter>소스 파일\16_수학3</Filter>
    </ClCompile>
    <ClCompile Include="2004_조합0의개수.cpp">
      <Filter>소스 파일\16_수학3</Filter>
    </ClCompile>
    <ClCompile Include="10828_스택.cpp">
      <Filter>소스 파일\17_스택</Filter>
    </ClCompile>
    <ClCompile Include="9012_괄호.cpp">
      <Filter>소스 파일\17_스택</Filter>
    </ClCompile>
    <ClCompile Include="1874_스택수열.cpp">
      <Filter>소스 파일\17_스택</Filter>
    </ClCompile>
    <ClCompile Include="10773_제로.cpp">
      <Filter>소스 파일\17_스택</Filter>
    </ClCompile>
    <ClCompile Include="4949_균형잡힌세상.cpp">
      <Filter>소스 파일\17_스택</Filter>
    </ClCompile>
    <ClCompile Include="18258_큐2.cpp">
      <Filter>소스 파일\18_큐,덱</Filter>
    </ClCompile>
    <ClCompile Include="2164_카드2.cpp">
      <Filter>소스 파일\18_큐,덱</Filter>
    </ClCompile>
    <ClCompile Include="..\algorithms\11866_조세퍼스 문제0.cpp">
      <Filter>소스 파일\18_큐,덱</Filter>
    </ClCompile>
    <ClCompile Include="..\algorithms\10866_덱.cpp">
      <Filter>소스 파일\18_큐,덱</Filter>
    </ClCompile>
    <ClCompile Include="..\algorithms\5430_AC.cpp">
      <Filter>소스 파일\18_큐,덱</Filter>
    </ClCompile>
    <ClCompile Include="..\algorithms\1021_회전하는 큐.cpp">
      <Filter>소스 파일\18_큐,덱</Filter>
    </ClCompile>
    <ClCompile Include="..\algorithms\1966_프린터큐.cpp">
      <Filter>소스 파일\18_큐,덱</Filter>
    </ClCompile>
    <ClCompile Include="2630_색종이만들기.cpp">
      <Filter>소스 파일\19_분할정복</Filter>
    </ClCompile>
    <ClCompile Include="1992_쿼드트리.cpp">
      <Filter>소스 파일\19_분할정복</Filter>
    </ClCompile>
    <ClCompile Include="1780_종이의개수.cpp">
      <Filter>소스 파일\19_분할정복</Filter>
    </ClCompile>
    <ClCompile Include="1629_곱셈.cpp">
      <Filter>소스 파일\19_분할정복</Filter>
    </ClCompile>
    <ClCompile Include="..\algorithms\11401_이항계수 3.cpp">
      <Filter>소스 파일\19_분할정복</Filter>
    </ClCompile>
    <ClCompile Include="2740_행렬곱셈.cpp">
      <Filter>소스 파일\19_분할정복</Filter>
    </ClCompile>
    <ClCompile Include="10830_행렬제곱.cpp">
      <Filter>소스 파일\19_분할정복</Filter>
    </ClCompile>
    <ClCompile Include="..\algorithms\2749_피보나치3.cpp">
      <Filter>소스 파일\19_분할정복</Filter>
    </ClCompile>
    <ClCompile Include="6549_히스토그램에서 가장 큰 직사각형.cpp">
      <Filter>소스 파일\19_분할정복</Filter>
    </ClCompile>
    <ClCompile Include="2261_가장 가까운 두점.cpp">
      <Filter>소스 파일\19_분할정복</Filter>
    </ClCompile>
    <ClCompile Include="..\algorithms3\1920_수찾기.cpp">
      <Filter>소스 파일\20_이분탐색</Filter>
    </ClCompile>
    <ClCompile Include="10816_숫자카드2.cpp">
      <Filter>소스 파일\20_이분탐색</Filter>
    </ClCompile>
    <ClCompile Include="..\algorithms3\1654_랜선 자르기.cpp">
      <Filter>소스 파일\20_이분탐색</Filter>
    </ClCompile>
    <ClCompile Include="2805_나무자르기.cpp">
      <Filter>소스 파일\20_이분탐색</Filter>
    </ClCompile>
    <ClCompile Include="2110_공유기설치.cpp">
      <Filter>소스 파일\20_이분탐색</Filter>
    </ClCompile>
    <ClCompile Include="..\algorithms3\1300_k번째 수.cpp">
      <Filter>소스 파일\20_이분탐색</Filter>
    </ClCompile>
    <ClCompile Include="12015_가장긴증가하는부분수열2.cpp">
      <Filter>소스 파일\20_이분탐색</Filter>
    </ClCompile>
    <ClCompile Include="11279_최대힙.cpp">
      <Filter>소스 파일\21_우선순위 큐</Filter>
    </ClCompile>
    <ClCompile Include="1927_최소힙.cpp">
      <Filter>소스 파일\21_우선순위 큐</Filter>
    </ClCompile>
    <ClCompile Include="11286_절대값 힙.cpp">
      <Filter>소스 파일\21_우선순위 큐</Filter>
    </ClCompile>
    <ClCompile Include="1655_가운데를말해요.cpp">
      <Filter>소스 파일\21_우선순위 큐</Filter>
    </ClCompile>
    <ClCompile Include="2293_동전1.cpp">
      <Filter>소스 파일\22_동적계획법2</Filter>
    </ClCompile>
    <ClCompile Include="11066_파일합치기.cpp">
      <Filter>소스 파일\22_동적계획법2</Filter>
    </ClCompile>
    <ClCompile Include="11049_행렬곱셈순서.cpp">
      <Filter>소스 파일\22_동적계획법2</Filter>
    </ClCompile>
    <ClCompile Include="1520_내리막길.cpp">
      <Filter>소스 파일\22_동적계획법2</Filter>
    </ClCompile>
    <ClCompile Include="7579_앱.cpp">
      <Filter>소스 파일\22_동적계획법2</Filter>
    </ClCompile>
    <ClCompile Include="10942_팰린드롬물음표.cpp">
      <Filter>소스 파일\22_동적계획법2</Filter>
    </ClCompile>
    <ClCompile Include="1697_숨바꼭질.cpp">
      <Filter>소스 파일\23_DFS와BFS</Filter>
    </ClCompile>
    <ClCompile Include="..\algorithms\1260_DFSBFS.cpp">
      <Filter>소스 파일\23_DFS와BFS</Filter>
    </ClCompile>
    <ClCompile Include="2606_바이러스.cpp">
      <Filter>소스 파일\23_DFS와BFS</Filter>
    </ClCompile>
    <ClCompile Include="2667_단지번호붙이기.cpp">
      <Filter>소스 파일\23_DFS와BFS</Filter>
    </ClCompile>
    <ClCompile Include="1012_유기농배추.cpp">
      <Filter>소스 파일\23_DFS와BFS</Filter>
    </ClCompile>
    <ClCompile Include="2178_미로탐색.cpp">
      <Filter>소스 파일\23_DFS와BFS</Filter>
    </ClCompile>
    <ClCompile Include="7576_토마토.cpp">
      <Filter>소스 파일\23_DFS와BFS</Filter>
    </ClCompile>
    <ClCompile Include="7569_토마토2.cpp">
      <Filter>소스 파일\23_DFS와BFS</Filter>
    </ClCompile>
    <ClCompile Include="2206_벽부수고이동하기.cpp">
      <Filter>소스 파일\23_DFS와BFS</Filter>
    </ClCompile>
    <ClCompile Include="1753_최단경로.cpp">
      <Filter>소스 파일\24_최단경로</Filter>
    </ClCompile>
    <ClCompile Include="1753_최단경로풀이.cpp">
      <Filter>소스 파일\24_최단경로</Filter>
    </ClCompile>
    <ClCompile Include="1504_특정한최단경로.cpp">
      <Filter>소스 파일\24_최단경로</Filter>
    </ClCompile>
    <ClCompile Include="9370_미확인도착지.cpp">
      <Filter>소스 파일\24_최단경로</Filter>
    </ClCompile>
    <ClCompile Include="11657_타임머신.cpp">
      <Filter>소스 파일\24_최단경로</Filter>
    </ClCompile>
    <ClCompile Include="11404_플로이드.cpp">
      <Filter>소스 파일\24_최단경로</Filter>
    </ClCompile>
    <ClCompile Include="10217_KCMTravel.cpp">
      <Filter>소스 파일\24_최단경로</Filter>
    </ClCompile>
    <ClCompile Include="1956_운동.cpp">
      <Filter>소스 파일\24_최단경로</Filter>
    </ClCompile>
    <ClCompile Include="11723_집합.cpp">
      <Filter>소스 파일\25_동적계획법3</Filter>
    </ClCompile>
    <ClCompile Include="..\algorithms3\2098_외판원 순회.cpp">
      <Filter>소스 파일\25_동적계획법3</Filter>
    </ClCompile>
    <ClCompile Include="1086_박성원.cpp">
      <Filter>소스 파일\25_동적계획법3</Filter>
    </ClCompile>
    <ClCompile Include="17404_RGB거리2.cpp">
      <Filter>소스 파일\25_동적계획법3</Filter>
    </ClCompile>
    <ClCompile Include="2482_색상환.cpp">
      <Filter>소스 파일\25_동적계획법3</Filter>
    </ClCompile>
    <ClCompile Include="9252_LCS2.cpp">
      <Filter>소스 파일\26_동적 계획법과 최단거리 역추적</Filter>
    </ClCompile>
    <ClCompile Include="12852_1로만들기2.cpp">
      <Filter>소스 파일\26_동적 계획법과 최단거리 역추적</Filter>
    </ClCompile>
    <ClCompile Include="14002_가장긴증가하는부분수열4.cpp">
      <Filter>소스 파일\26_동적 계획법과 최단거리 역추적</Filter>
    </ClCompile>
    <ClCompile Include="14003_가장긴증가하는부분수열5.cpp">
      <Filter>소스 파일\26_동적 계획법과 최단거리 역추적</Filter>
    </ClCompile>
    <ClCompile Include="2618_경찰차.cpp">
      <Filter>소스 파일\26_동적 계획법과 최단거리 역추적</Filter>
    </ClCompile>
    <ClCompile Include="13913_숨바꼭질4.cpp">
      <Filter>소스 파일\26_동적 계획법과 최단거리 역추적</Filter>
    </ClCompile>
    <ClCompile Include="9019_dslr.cpp">
      <Filter>소스 파일\26_동적 계획법과 최단거리 역추적</Filter>
    </ClCompile>
    <ClCompile Include="11779_최소비용구하기2.cpp">
      <Filter>소스 파일\26_동적 계획법과 최단거리 역추적</Filter>
    </ClCompile>
    <ClCompile Include="11725_트리의 부모찾기.cpp">
      <Filter>소스 파일\28_트리</Filter>
    </ClCompile>
    <ClCompile Include="1167_트리의지름.cpp">
      <Filter>소스 파일\28_트리</Filter>
    </ClCompile>
    <ClCompile Include="1967_트리의 지름.cpp">
      <Filter>소스 파일\28_트리</Filter>
    </ClCompile>
    <ClCompile Include="1991_트리순회.cpp">
      <Filter>소스 파일\28_트리</Filter>
    </ClCompile>
    <ClCompile Include="2263_트리의순회.cpp">
      <Filter>소스 파일\28_트리</Filter>
    </ClCompile>
    <ClCompile Include="..\algorithms3\5639_이진검색트리.cpp">
      <Filter>소스 파일\28_트리</Filter>
    </ClCompile>
    <ClCompile Include="1717_집합의표현.cpp">
      <Filter>소스 파일\29_유니온파인드</Filter>
    </ClCompile>
    <ClCompile Include="1976_여행가자.cpp">
      <Filter>소스 파일\29_유니온파인드</Filter>
    </ClCompile>
    <ClCompile Include="4195_친구네트워크.cpp">
      <Filter>소스 파일\29_유니온파인드</Filter>
    </ClCompile>
  </ItemGroup>
</Project>